NeoBundleLock ghcmod-vim 7e5f6102aa709244f5d4cedec807eac4b901c4cb
NeoBundleLock html-template-syntax 13eaf3588e5a5f17dbd86848337de8e7ed735cca
NeoBundleLock neco-ghc a45f4f98ee3f25eaa64a39328c253d4f78cd5fda
NeoBundleLock neco-ghc-lushtags dd20de0b9f1e59cbc91d7039d4fa8583f3f58000
NeoBundleLock neobundle.vim 20e4f40aa38fdfcf5f07334409a2928209657540
NeoBundleLock neocomplcache 778181767467b8f8016828898779a646074d883a
NeoBundleLock neocomplete.vim 890d68ad85f30dbe449a9e58a8646b1f6d7a7f6e
NeoBundleLock neomru.vim e72bef33c7f6af3d17c9968f9ac7bb2fda2a2bde
NeoBundleLock nerdtree af85499edace2acca27ce41790ac333f62b689bb
NeoBundleLock skk.vim 2f91e89710a8f4f5cd45d7379b310132c497aa4a
NeoBundleLock skkdict.vim f8a8fcffcff2a7d2f169ecf3bb5d0071ae1649c5
NeoBundleLock syntastic a7fde99ea9a4eb26e6dfedb3ea54bbeefb71b325
NeoBundleLock tagbar 399b75256ac7333d7119d11047f6b3aff8fa2828
NeoBundleLock unite-haddock a2ed7259c83b405b275148f1d24d34d5a30e7ab0
NeoBundleLock unite-haskellimport 8003c08126c4f619308d76e2d7afee431eff717c
NeoBundleLock unite.vim 662f83d3789ecf320ddcb04f7023def3a8167802
NeoBundleLock vim2hs f2afd55704bfe0a2d66e6b270d247e9b8a7b1664
NeoBundleLock vimproc.vim c286dcbdfca9e0ee1a4cb90f09c3f03638112f5a
